
Microsoft Visual Studio Solution File, Format Version 12.00
# Visual Studio Version 17
VisualStudioVersion = 17.4.33205.214
MinimumVisualStudioVersion = 10.0.40219.1
Project("{8BC9CEB8-8B4A-11D0-8D11-00A0C91BC942}") = "GDI_OUT", "GDI_OUT\GDI_OUT.vcxproj", "{6DE6B7D1-0D68-4319-9BAA-4B99B8E99AA3}"
EndProject
Project("{2150E333-8FDC-42A3-9474-1A3956D46DE8}") = "external", "external", "{935BFCFE-021A-4882-BD09-6EC8368C94EB}"
	ProjectSection(SolutionItems) = preProject
		external\stb_image.h = external\stb_image.h
		external\stb_image_write.h = external\stb_image_write.h
	EndProjectSection
EndProject
Project("{2150E333-8FDC-42A3-9474-1A3956D46DE8}") = "property", "property", "{1BCA22F7-ED54-40D7-889F-A2978ED97EA5}"
	ProjectSection(SolutionItems) = preProject
		property\prop4base.props = property\prop4base.props
	EndProjectSection
EndProject
Global
	GlobalSection(SolutionConfigurationPlatforms) = preSolution
		Debug|x64 = Debug|x64
		Debug|x86 = Debug|x86
		Release|x64 = Release|x64
		Release|x86 = Release|x86
	EndGlobalSection
	GlobalSection(ProjectConfigurationPlatforms) = postSolution
		{6DE6B7D1-0D68-4319-9BAA-4B99B8E99AA3}.Debug|x64.ActiveCfg = Debug|x64
		{6DE6B7D1-0D68-4319-9BAA-4B99B8E99AA3}.Debug|x64.Build.0 = Debug|x64
		{6DE6B7D1-0D68-4319-9BAA-4B99B8E99AA3}.Debug|x86.ActiveCfg = Debug|Win32
		{6DE6B7D1-0D68-4319-9BAA-4B99B8E99AA3}.Debug|x86.Build.0 = Debug|Win32
		{6DE6B7D1-0D68-4319-9BAA-4B99B8E99AA3}.Release|x64.ActiveCfg = Release|x64
		{6DE6B7D1-0D68-4319-9BAA-4B99B8E99AA3}.Release|x64.Build.0 = Release|x64
		{6DE6B7D1-0D68-4319-9BAA-4B99B8E99AA3}.Release|x86.ActiveCfg = Release|Win32
		{6DE6B7D1-0D68-4319-9BAA-4B99B8E99AA3}.Release|x86.Build.0 = Release|Win32
	EndGlobalSection
	GlobalSection(SolutionProperties) = preSolution
		HideSolutionNode = FALSE
	EndGlobalSection
	GlobalSection(ExtensibilityGlobals) = postSolution
		SolutionGuid = {8C8387F4-030C-4246-8B92-1E7F38FB8C58}
	EndGlobalSection
EndGlobal
